
Microsoft Visual Studio Solution File, Format Version 12.00
# Visual Studio Version 17
VisualStudioVersion = 17.5.002.0
MinimumVisualStudioVersion = 10.0.40219.1
Project("{9A19103F-16F7-4668-BE54-9A1E7A4F7556}") = "MyApi", "MyApi.csproj", "{AC443857-DF33-48BE-899E-BC2D74DB0A8A}"
EndProject
Global
	GlobalSection(SolutionConfigurationPlatforms) = preSolution
		Debug|Any CPU = Debug|Any CPU
		Release|Any CPU = Release|Any CPU
	EndGlobalSection
	GlobalSection(ProjectConfigurationPlatforms) = postSolution
		{AC443857-DF33-48BE-899E-BC2D74DB0A8A}.Debug|Any CPU.ActiveCfg = Debug|Any CPU
		{AC443857-DF33-48BE-899E-BC2D74DB0A8A}.Debug|Any CPU.Build.0 = Debug|Any CPU
		{AC443857-DF33-48BE-899E-BC2D74DB0A8A}.Release|Any CPU.ActiveCfg = Release|Any CPU
		{AC443857-DF33-48BE-899E-BC2D74DB0A8A}.Release|Any CPU.Build.0 = Release|Any CPU
	EndGlobalSection
	GlobalSection(SolutionProperties) = preSolution
		HideSolutionNode = FALSE
	EndGlobalSection
	GlobalSection(ExtensibilityGlobals) = postSolution
		SolutionGuid = {45FBFC3E-C112-4F8B-BDA1-DBCE7E28F27D}
	EndGlobalSection
EndGlobal
